
Microsoft Visual Studio Solution File, Format Version 12.00
# Visual Studio 15
VisualStudioVersion = 15.0.26430.13
MinimumVisualStudioVersion = 10.0.40219.1
Project("{9A19103F-16F7-4668-BE54-9A1E7A4F7556}") = "Protex", "Protex\Protex.csproj", "{49439B99-FC5F-4B90-B87A-8DB25DBB9735}"
EndProject
Project("{9A19103F-16F7-4668-BE54-9A1E7A4F7556}") = "Protex.Test", "Protex.Test\Protex.Test.csproj", "{69023569-BE8D-4208-87D6-D40D47DD73A8}"
EndProject
Global
	GlobalSection(SolutionConfigurationPlatforms) = preSolution
		Debug|Any CPU = Debug|Any CPU
		Release|Any CPU = Release|Any CPU
	EndGlobalSection
	GlobalSection(ProjectConfigurationPlatforms) = postSolution
		{49439B99-FC5F-4B90-B87A-8DB25DBB9735}.Debug|Any CPU.ActiveCfg = Debug|Any CPU
		{49439B99-FC5F-4B90-B87A-8DB25DBB9735}.Debug|Any CPU.Build.0 = Debug|Any CPU
		{49439B99-FC5F-4B90-B87A-8DB25DBB9735}.Release|Any CPU.ActiveCfg = Release|Any CPU
		{49439B99-FC5F-4B90-B87A-8DB25DBB9735}.Release|Any CPU.Build.0 = Release|Any CPU
		{69023569-BE8D-4208-87D6-D40D47DD73A8}.Debug|Any CPU.ActiveCfg = Debug|Any CPU
		{69023569-BE8D-4208-87D6-D40D47DD73A8}.Debug|Any CPU.Build.0 = Debug|Any CPU
		{69023569-BE8D-4208-87D6-D40D47DD73A8}.Release|Any CPU.ActiveCfg = Release|Any CPU
		{69023569-BE8D-4208-87D6-D40D47DD73A8}.Release|Any CPU.Build.0 = Release|Any CPU
	EndGlobalSection
	GlobalSection(SolutionProperties) = preSolution
		HideSolutionNode = FALSE
	EndGlobalSection
EndGlobal
